// !$*UTF8*$!
{
	archiveVersion = 1;
	classes = {
	};
	objectVersion = 77;
	objects = {

/* Begin PBXBuildFile section */
		3129ED6F70DEBE3773901AB9 /* VLEngine.swift in Sources */ = {isa = PBXBuildFile; fileRef = 642265A3B35480E9EFC5A0F1 /* VLEngine.swift */; };
		4A7977EBB832E9541C95B070 /* VLInstrumentation.swift in Sources */ = {isa = PBXBuildFile; fileRef = A37DD855DFB875077F5D00AE /* VLInstrumentation.swift */; };
		7F8AF71D4D8EB457FF91E06B /* ContentView.swift in Sources */ = {isa = PBXBuildFile; fileRef = 69F9D98815FDA9D745780D5B /* ContentView.swift */; };
		989CFFC9B26D6B728E1CFC64 /* CoreAIKit in Frameworks */ = {isa = PBXBuildFile; productRef = A7FC534D12A1C8CF1A1C1F70 /* CoreAIKit */; };
		D93261F814A8973181C199B8 /* VLApp.swift in Sources */ = {isa = PBXBuildFile; fileRef = CB58DD2EA9E4F0D0A9BD4EE2 /* VLApp.swift */; };
		F97BEAB525C94E0372B18A95 /* VLIntents.swift in Sources */ = {isa = PBXBuildFile; fileRef = F528E2568C1F50E707E6C489 /* VLIntents.swift */; };
/* End PBXBuildFile section */

/* Begin PBXFileReference section */
		1BEFAD3BA32E90C009ABB204 /* coreai-kit */ = {isa = PBXFileReference; lastKnownFileType = folder; name = "coreai-kit"; path = ../..; sourceTree = SOURCE_ROOT; };
		642265A3B35480E9EFC5A0F1 /* VLEngine.swift */ = {isa = PBXFileReference; lastKnownFileType = sourcecode.swift; path = VLEngine.swift; sourceTree = "<group>"; };
		69F9D98815FDA9D745780D5B /* ContentView.swift */ = {isa = PBXFileReference; lastKnownFileType = sourcecode.swift; path = ContentView.swift; sourceTree = "<group>"; };
		A37DD855DFB875077F5D00AE /* VLInstrumentation.swift */ = {isa = PBXFileReference; lastKnownFileType = sourcecode.swift; path = VLInstrumentation.swift; sourceTree = "<group>"; };
		C036E39DD5D74477E8DA1CF7 /* AskVLM.app */ = {isa = PBXFileReference; includeInIndex = 0; lastKnownFileType = wrapper.application; path = AskVLM.app; sourceTree = BUILT_PRODUCTS_DIR; };
		CB58DD2EA9E4F0D0A9BD4EE2 /* VLApp.swift */ = {isa = PBXFileReference; lastKnownFileType = sourcecode.swift; path = VLApp.swift; sourceTree = "<group>"; };
		F528E2568C1F50E707E6C489 /* VLIntents.swift */ = {isa = PBXFileReference; lastKnownFileType = sourcecode.swift; path = VLIntents.swift; sourceTree = "<group>"; };
/* End PBXFileReference section */

/* Begin PBXFrameworksBuildPhase section */
		3A60DCAD41BE0AA8E5E5159A /* Frameworks */ = {
			isa = PBXFrameworksBuildPhase;
			buildActionMask = 2147483647;
			files = (
				989CFFC9B26D6B728E1CFC64 /* CoreAIKit in Frameworks */,
			);
			runOnlyForDeploymentPostprocessing = 0;
		};
/* End PBXFrameworksBuildPhase section */

/* Begin PBXGroup section */
		3505A9A2522B82F88466583D = {
			isa = PBXGroup;
			children = (
				D7432C92E9488845213BCEE9 /* Packages */,
				5C5C39C6889C563A89E20C08 /* Sources */,
				BC9FF010CD670E898F58C963 /* Products */,
			);
			sourceTree = "<group>";
		};
		5C5C39C6889C563A89E20C08 /* Sources */ = {
			isa = PBXGroup;
			children = (
				69F9D98815FDA9D745780D5B /* ContentView.swift */,
				CB58DD2EA9E4F0D0A9BD4EE2 /* VLApp.swift */,
				642265A3B35480E9EFC5A0F1 /* VLEngine.swift */,
				A37DD855DFB875077F5D00AE /* VLInstrumentation.swift */,
				F528E2568C1F50E707E6C489 /* VLIntents.swift */,
			);
			path = Sources;
			sourceTree = "<group>";
		};
		BC9FF010CD670E898F58C963 /* Products */ = {
			isa = PBXGroup;
			children = (
				C036E39DD5D74477E8DA1CF7 /* AskVLM.app */,
			);
			name = Products;
			sourceTree = "<group>";
		};
		D7432C92E9488845213BCEE9 /* Packages */ = {
			isa = PBXGroup;
			children = (
				1BEFAD3BA32E90C009ABB204 /* coreai-kit */,
			);
			name = Packages;
			sourceTree = "<group>";
		};
/* End PBXGroup section */

/* Begin PBXNativeTarget section */
		A7D83DE2D990E9F7E3C5631A /* AskVLM */ = {
			isa = PBXNativeTarget;
			buildConfigurationList = E27C4B19F91477CFE8D3A63E /* Build configuration list for PBXNativeTarget "AskVLM" */;
			buildPhases = (
				F5E9698F9D5F6DE90F5CD06E /* Sources */,
				3A60DCAD41BE0AA8E5E5159A /* Frameworks */,
			);
			buildRules = (
			);
			dependencies = (
			);
			name = AskVLM;
			packageProductDependencies = (
				A7FC534D12A1C8CF1A1C1F70 /* CoreAIKit */,
			);
			productName = AskVLM;
			productReference = C036E39DD5D74477E8DA1CF7 /* AskVLM.app */;
			productType = "com.apple.product-type.application";
		};
/* End PBXNativeTarget section */

/* Begin PBXProject section */
		14C423F08F81B6D6A5AA14FB /* Project object */ = {
			isa = PBXProject;
			attributes = {
				BuildIndependentTargetsInParallel = YES;
				LastUpgradeCheck = 1430;
				TargetAttributes = {
					A7D83DE2D990E9F7E3C5631A = {
						DevelopmentTeam = MFN25KNUGJ;
						ProvisioningStyle = Automatic;
					};
				};
			};
			buildConfigurationList = E7D2466768217C618C259749 /* Build configuration list for PBXProject "AskVLM" */;
			compatibilityVersion = "Xcode 14.0";
			developmentRegion = en;
			hasScannedForEncodings = 0;
			knownRegions = (
				Base,
				en,
			);
			mainGroup = 3505A9A2522B82F88466583D;
			minimizedProjectReferenceProxies = 1;
			packageReferences = (
				E9F7897891A03C10B20E6DC4 /* XCLocalSwiftPackageReference "../.." */,
			);
			preferredProjectObjectVersion = 77;
			projectDirPath = "";
			projectRoot = "";
			targets = (
				A7D83DE2D990E9F7E3C5631A /* AskVLM */,
			);
		};
/* End PBXProject section */

/* Begin PBXSourcesBuildPhase section */
		F5E9698F9D5F6DE90F5CD06E /* Sources */ = {
			isa = PBXSourcesBuildPhase;
			buildActionMask = 2147483647;
			files = (
				7F8AF71D4D8EB457FF91E06B /* ContentView.swift in Sources */,
				D93261F814A8973181C199B8 /* VLApp.swift in Sources */,
				3129ED6F70DEBE3773901AB9 /* VLEngine.swift in Sources */,
				4A7977EBB832E9541C95B070 /* VLInstrumentation.swift in Sources */,
				F97BEAB525C94E0372B18A95 /* VLIntents.swift in Sources */,
			);
			runOnlyForDeploymentPostprocessing = 0;
		};
/* End PBXSourcesBuildPhase section */

/* Begin XCBuildConfiguration section */
		252576D90AE41EF37674669E /* Release */ = {
			isa = XCBuildConfiguration;
			buildSettings = {
				ASSETCATALOG_COMPILER_APPICON_NAME = AppIcon;
				CODE_SIGN_IDENTITY = "iPhone Developer";
				CODE_SIGN_STYLE = Automatic;
				CURRENT_PROJECT_VERSION = 1;
				DEVELOPMENT_TEAM = MFN25KNUGJ;
				ENABLE_APP_SANDBOX = NO;
				ENABLE_HARDENED_RUNTIME = NO;
				GENERATE_INFOPLIST_FILE = YES;
				INFOPLIST_KEY_CFBundleDisplayName = "Qwen3-VL";
				INFOPLIST_KEY_CFBundleName = "Qwen3-VL";
				INFOPLIST_KEY_UILaunchScreen_Generation = YES;
				LD_RUNPATH_SEARCH_PATHS = (
					"$(inherited)",
					"@executable_path/Frameworks",
				);
				MARKETING_VERSION = 1.0;
				PRODUCT_BUNDLE_IDENTIFIER = com.coreaikit.askvlm;
				SDKROOT = auto;
				SUPPORTED_PLATFORMS = "iphoneos iphonesimulator macosx";
				SUPPORTS_MACCATALYST = NO;
				SUPPORTS_MAC_DESIGNED_FOR_IPHONE_IPAD = NO;
				SUPPORTS_XR_DESIGNED_FOR_IPHONE_IPAD = YES;
				SWIFT_APPROACHABLE_CONCURRENCY = YES;
				SWIFT_VERSION = 6.0;
				TARGETED_DEVICE_FAMILY = "1,2";
			};
			name = Release;
		};
		25EFB3B3A374FCA2A8B12041 /* Debug */ = {
			isa = XCBuildConfiguration;
			buildSettings = {
				ALWAYS_SEARCH_USER_PATHS = NO;
				CLANG_ANALYZER_NONNULL = YES;
				CLANG_ANALYZER_NUMBER_OBJECT_CONVERSION = YES_AGGRESSIVE;
				CLANG_CXX_LANGUAGE_STANDARD = "gnu++14";
				CLANG_CXX_LIBRARY = "libc++";
				CLANG_ENABLE_MODULES = YES;
				CLANG_ENABLE_OBJC_ARC = YES;
				CLANG_ENABLE_OBJC_WEAK = YES;
				CLANG_WARN_BLOCK_CAPTURE_AUTORELEASING = YES;
				CLANG_WARN_BOOL_CONVERSION = YES;
				CLANG_WARN_COMMA = YES;
				CLANG_WARN_CONSTANT_CONVERSION = YES;
				CLANG_WARN_DEPRECATED_OBJC_IMPLEMENTATIONS = YES;
				CLANG_WARN_DIRECT_OBJC_ISA_USAGE = YES_ERROR;
				CLANG_WARN_DOCUMENTATION_COMMENTS = YES;
				CLANG_WARN_EMPTY_BODY = YES;
				CLANG_WARN_ENUM_CONVERSION = YES;
				CLANG_WARN_INFINITE_RECURSION = YES;
				CLANG_WARN_INT_CONVERSION = YES;
				CLANG_WARN_NON_LITERAL_NULL_CONVERSION = YES;
				CLANG_WARN_OBJC_IMPLICIT_RETAIN_SELF = YES;
				CLANG_WARN_OBJC_LITERAL_CONVERSION = YES;
				CLANG_WARN_OBJC_ROOT_CLASS = YES_ERROR;
				CLANG_WARN_QUOTED_INCLUDE_IN_FRAMEWORK_HEADER = YES;
				CLANG_WARN_RANGE_LOOP_ANALYSIS = YES;
				CLANG_WARN_STRICT_PROTOTYPES = YES;
				CLANG_WARN_SUSPICIOUS_MOVE = YES;
				CLANG_WARN_UNGUARDED_AVAILABILITY = YES_AGGRESSIVE;
				CLANG_WARN_UNREACHABLE_CODE = YES;
				CLANG_WARN__DUPLICATE_METHOD_MATCH = YES;
				COPY_PHASE_STRIP = NO;
				DEBUG_INFORMATION_FORMAT = dwarf;
				ENABLE_STRICT_OBJC_MSGSEND = YES;
				ENABLE_TESTABILITY = YES;
				GCC_C_LANGUAGE_STANDARD = gnu11;
				GCC_DYNAMIC_NO_PIC = NO;
				GCC_NO_COMMON_BLOCKS = YES;
				GCC_OPTIMIZATION_LEVEL = 0;
				GCC_PREPROCESSOR_DEFINITIONS = (
					"$(inherited)",
					"DEBUG=1",
				);
				GCC_WARN_64_TO_32_BIT_CONVERSION = YES;
				GCC_WARN_ABOUT_RETURN_TYPE = YES_ERROR;
				GCC_WARN_UNDECLARED_SELECTOR = YES;
				GCC_WARN_UNINITIALIZED_AUTOS = YES_AGGRESSIVE;
				GCC_WARN_UNUSED_FUNCTION = YES;
				GCC_WARN_UNUSED_VARIABLE = YES;
				MTL_ENABLE_DEBUG_INFO = INCLUDE_SOURCE;
				MTL_FAST_MATH = YES;
				ONLY_ACTIVE_ARCH = YES;
				PRODUCT_NAME = "$(TARGET_NAME)";
				SDKROOT = auto;
				SWIFT_ACTIVE_COMPILATION_CONDITIONS = DEBUG;
				SWIFT_OPTIMIZATION_LEVEL = "-Onone";
				SWIFT_VERSION = 5.0;
			};
			name = Debug;
		};
		3BCD8AC69AB01940D22DEC1A /* Debug */ = {
			isa = XCBuildConfiguration;
			buildSettings = {
				ASSETCATALOG_COMPILER_APPICON_NAME = AppIcon;
				CODE_SIGN_IDENTITY = "iPhone Developer";
				CODE_SIGN_STYLE = Automatic;
				CURRENT_PROJECT_VERSION = 1;
				DEVELOPMENT_TEAM = MFN25KNUGJ;
				ENABLE_APP_SANDBOX = NO;
				ENABLE_HARDENED_RUNTIME = NO;
				GENERATE_INFOPLIST_FILE = YES;
				INFOPLIST_KEY_CFBundleDisplayName = "Qwen3-VL";
				INFOPLIST_KEY_CFBundleName = "Qwen3-VL";
				INFOPLIST_KEY_UILaunchScreen_Generation = YES;
				LD_RUNPATH_SEARCH_PATHS = (
					"$(inherited)",
					"@executable_path/Frameworks",
				);
				MARKETING_VERSION = 1.0;
				PRODUCT_BUNDLE_IDENTIFIER = com.coreaikit.askvlm;
				SDKROOT = auto;
				SUPPORTED_PLATFORMS = "iphoneos iphonesimulator macosx";
				SUPPORTS_MACCATALYST = NO;
				SUPPORTS_MAC_DESIGNED_FOR_IPHONE_IPAD = NO;
				SUPPORTS_XR_DESIGNED_FOR_IPHONE_IPAD = YES;
				SWIFT_APPROACHABLE_CONCURRENCY = YES;
				SWIFT_VERSION = 6.0;
				TARGETED_DEVICE_FAMILY = "1,2";
			};
			name = Debug;
		};
		F700047AD9509D7E0760BFFE /* Release */ = {
			isa = XCBuildConfiguration;
			buildSettings = {
				ALWAYS_SEARCH_USER_PATHS = NO;
				CLANG_ANALYZER_NONNULL = YES;
				CLANG_ANALYZER_NUMBER_OBJECT_CONVERSION = YES_AGGRESSIVE;
				CLANG_CXX_LANGUAGE_STANDARD = "gnu++14";
				CLANG_CXX_LIBRARY = "libc++";
				CLANG_ENABLE_MODULES = YES;
				CLANG_ENABLE_OBJC_ARC = YES;
				CLANG_ENABLE_OBJC_WEAK = YES;
				CLANG_WARN_BLOCK_CAPTURE_AUTORELEASING = YES;
				CLANG_WARN_BOOL_CONVERSION = YES;
				CLANG_WARN_COMMA = YES;
				CLANG_WARN_CONSTANT_CONVERSION = YES;
				CLANG_WARN_DEPRECATED_OBJC_IMPLEMENTATIONS = YES;
				CLANG_WARN_DIRECT_OBJC_ISA_USAGE = YES_ERROR;
				CLANG_WARN_DOCUMENTATION_COMMENTS = YES;
				CLANG_WARN_EMPTY_BODY = YES;
				CLANG_WARN_ENUM_CONVERSION = YES;
				CLANG_WARN_INFINITE_RECURSION = YES;
				CLANG_WARN_INT_CONVERSION = YES;
				CLANG_WARN_NON_LITERAL_NULL_CONVERSION = YES;
				CLANG_WARN_OBJC_IMPLICIT_RETAIN_SELF = YES;
				CLANG_WARN_OBJC_LITERAL_CONVERSION = YES;
				CLANG_WARN_OBJC_ROOT_CLASS = YES_ERROR;
				CLANG_WARN_QUOTED_INCLUDE_IN_FRAMEWORK_HEADER = YES;
				CLANG_WARN_RANGE_LOOP_ANALYSIS = YES;
				CLANG_WARN_STRICT_PROTOTYPES = YES;
				CLANG_WARN_SUSPICIOUS_MOVE = YES;
				CLANG_WARN_UNGUARDED_AVAILABILITY = YES_AGGRESSIVE;
				CLANG_WARN_UNREACHABLE_CODE = YES;
				CLANG_WARN__DUPLICATE_METHOD_MATCH = YES;
				COPY_PHASE_STRIP = NO;
				DEBUG_INFORMATION_FORMAT = "dwarf-with-dsym";
				ENABLE_NS_ASSERTIONS = NO;
				ENABLE_STRICT_OBJC_MSGSEND = YES;
				GCC_C_LANGUAGE_STANDARD = gnu11;
				GCC_NO_COMMON_BLOCKS = YES;
				GCC_WARN_64_TO_32_BIT_CONVERSION = YES;
				GCC_WARN_ABOUT_RETURN_TYPE = YES_ERROR;
				GCC_WARN_UNDECLARED_SELECTOR = YES;
				GCC_WARN_UNINITIALIZED_AUTOS = YES_AGGRESSIVE;
				GCC_WARN_UNUSED_FUNCTION = YES;
				GCC_WARN_UNUSED_VARIABLE = YES;
				MTL_ENABLE_DEBUG_INFO = NO;
				MTL_FAST_MATH = YES;
				PRODUCT_NAME = "$(TARGET_NAME)";
				SDKROOT = auto;
				SWIFT_COMPILATION_MODE = wholemodule;
				SWIFT_OPTIMIZATION_LEVEL = "-O";
				SWIFT_VERSION = 5.0;
			};
			name = Release;
		};
/* End XCBuildConfiguration section */

/* Begin XCConfigurationList section */
		E27C4B19F91477CFE8D3A63E /* Build configuration list for PBXNativeTarget "AskVLM" */ = {
			isa = XCConfigurationList;
			buildConfigurations = (
				3BCD8AC69AB01940D22DEC1A /* Debug */,
				252576D90AE41EF37674669E /* Release */,
			);
			defaultConfigurationIsVisible = 0;
			defaultConfigurationName = Debug;
		};
		E7D2466768217C618C259749 /* Build configuration list for PBXProject "AskVLM" */ = {
			isa = XCConfigurationList;
			buildConfigurations = (
				25EFB3B3A374FCA2A8B12041 /* Debug */,
				F700047AD9509D7E0760BFFE /* Release */,
			);
			defaultConfigurationIsVisible = 0;
			defaultConfigurationName = Debug;
		};
/* End XCConfigurationList section */

/* Begin XCLocalSwiftPackageReference section */
		E9F7897891A03C10B20E6DC4 /* XCLocalSwiftPackageReference "../.." */ = {
			isa = XCLocalSwiftPackageReference;
			relativePath = ../..;
		};
/* End XCLocalSwiftPackageReference section */

/* Begin XCSwiftPackageProductDependency section */
		A7FC534D12A1C8CF1A1C1F70 /* CoreAIKit */ = {
			isa = XCSwiftPackageProductDependency;
			productName = CoreAIKit;
		};
/* End XCSwiftPackageProductDependency section */
	};
	rootObject = 14C423F08F81B6D6A5AA14FB /* Project object */;
}
