// !$*UTF8*$!
{
	archiveVersion = 1;
	classes = {
	};
	objectVersion = 77;
	objects = {

/* Begin PBXBuildFile section */
		27F06A5648A9562B65659EE9 /* QuickStart.swift in Sources */ = {isa = PBXBuildFile; fileRef = C6CCDD4345E44A4E888D9AE2 /* QuickStart.swift */; };
		43C22281B87EE378228EEA97 /* CoreAIKitVision in Frameworks */ = {isa = PBXBuildFile; productRef = 37EE603715044C0CC78190A7 /* CoreAIKitVision */; };
		5CBC8F92B38094CF18F47F9A /* ActionCameraView.swift in Sources */ = {isa = PBXBuildFile; fileRef = B6043E37F77F67CACBC9CFA4 /* ActionCameraView.swift */; };
		A0236BEDE70BCCD243267B8F /* ActionCameraApp.swift in Sources */ = {isa = PBXBuildFile; fileRef = F76967BAFC21B2CC205BCC2B /* ActionCameraApp.swift */; };
/* End PBXBuildFile section */

/* Begin PBXFileReference section */
		37AA55820C80AD0A78E82625 /* ActionCamera.app */ = {isa = PBXFileReference; includeInIndex = 0; lastKnownFileType = wrapper.application; path = ActionCamera.app; sourceTree = BUILT_PRODUCTS_DIR; };
		B6043E37F77F67CACBC9CFA4 /* ActionCameraView.swift */ = {isa = PBXFileReference; lastKnownFileType = sourcecode.swift; path = ActionCameraView.swift; sourceTree = "<group>"; };
		C6CCDD4345E44A4E888D9AE2 /* QuickStart.swift */ = {isa = PBXFileReference; lastKnownFileType = sourcecode.swift; path = QuickStart.swift; sourceTree = "<group>"; };
		E6D2A0240067780A3EAB9C7E /* coreai-kit */ = {isa = PBXFileReference; lastKnownFileType = folder; name = "coreai-kit"; path = ../..; sourceTree = SOURCE_ROOT; };
		F76967BAFC21B2CC205BCC2B /* ActionCameraApp.swift */ = {isa = PBXFileReference; lastKnownFileType = sourcecode.swift; path = ActionCameraApp.swift; sourceTree = "<group>"; };
/* End PBXFileReference section */

/* Begin PBXFrameworksBuildPhase section */
		B91F28051E5BF91FF9326585 /* Frameworks */ = {
			isa = PBXFrameworksBuildPhase;
			buildActionMask = 2147483647;
			files = (
				43C22281B87EE378228EEA97 /* CoreAIKitVision in Frameworks */,
			);
			runOnlyForDeploymentPostprocessing = 0;
		};
/* End PBXFrameworksBuildPhase section */

/* Begin PBXGroup section */
		09FCE25C0336FCBB84CE30D8 /* Products */ = {
			isa = PBXGroup;
			children = (
				37AA55820C80AD0A78E82625 /* ActionCamera.app */,
			);
			name = Products;
			sourceTree = "<group>";
		};
		3EDA1440439C816907509BDC /* Packages */ = {
			isa = PBXGroup;
			children = (
				E6D2A0240067780A3EAB9C7E /* coreai-kit */,
			);
			name = Packages;
			sourceTree = "<group>";
		};
		5AB697BB3CF371E3AC3CBBB3 = {
			isa = PBXGroup;
			children = (
				3EDA1440439C816907509BDC /* Packages */,
				7DD5F919B3E99EE1D91BF427 /* Sources */,
				09FCE25C0336FCBB84CE30D8 /* Products */,
			);
			sourceTree = "<group>";
		};
		7DD5F919B3E99EE1D91BF427 /* Sources */ = {
			isa = PBXGroup;
			children = (
				F76967BAFC21B2CC205BCC2B /* ActionCameraApp.swift */,
				B6043E37F77F67CACBC9CFA4 /* ActionCameraView.swift */,
				C6CCDD4345E44A4E888D9AE2 /* QuickStart.swift */,
			);
			path = Sources;
			sourceTree = "<group>";
		};
/* End PBXGroup section */

/* Begin PBXNativeTarget section */
		D046766E407DB49FA16BF1D1 /* ActionCamera */ = {
			isa = PBXNativeTarget;
			buildConfigurationList = 4E660639BEAA9FEB5D178A24 /* Build configuration list for PBXNativeTarget "ActionCamera" */;
			buildPhases = (
				748C7401D8C8C278F023FD50 /* Sources */,
				B91F28051E5BF91FF9326585 /* Frameworks */,
			);
			buildRules = (
			);
			dependencies = (
			);
			name = ActionCamera;
			packageProductDependencies = (
				37EE603715044C0CC78190A7 /* CoreAIKitVision */,
			);
			productName = ActionCamera;
			productReference = 37AA55820C80AD0A78E82625 /* ActionCamera.app */;
			productType = "com.apple.product-type.application";
		};
/* End PBXNativeTarget section */

/* Begin PBXProject section */
		29C55DC86AEA30286B13F55E /* Project object */ = {
			isa = PBXProject;
			attributes = {
				BuildIndependentTargetsInParallel = YES;
				LastUpgradeCheck = 1430;
				TargetAttributes = {
					D046766E407DB49FA16BF1D1 = {
						DevelopmentTeam = MFN25KNUGJ;
						ProvisioningStyle = Automatic;
					};
				};
			};
			buildConfigurationList = D220CCD11925A46FAC2C934C /* Build configuration list for PBXProject "ActionCamera" */;
			compatibilityVersion = "Xcode 14.0";
			developmentRegion = en;
			hasScannedForEncodings = 0;
			knownRegions = (
				Base,
				en,
			);
			mainGroup = 5AB697BB3CF371E3AC3CBBB3;
			minimizedProjectReferenceProxies = 1;
			packageReferences = (
				A8BC29DE64BB802C56AE8DDB /* XCLocalSwiftPackageReference "../.." */,
			);
			preferredProjectObjectVersion = 77;
			projectDirPath = "";
			projectRoot = "";
			targets = (
				D046766E407DB49FA16BF1D1 /* ActionCamera */,
			);
		};
/* End PBXProject section */

/* Begin PBXSourcesBuildPhase section */
		748C7401D8C8C278F023FD50 /* Sources */ = {
			isa = PBXSourcesBuildPhase;
			buildActionMask = 2147483647;
			files = (
				A0236BEDE70BCCD243267B8F /* ActionCameraApp.swift in Sources */,
				5CBC8F92B38094CF18F47F9A /* ActionCameraView.swift in Sources */,
				27F06A5648A9562B65659EE9 /* QuickStart.swift in Sources */,
			);
			runOnlyForDeploymentPostprocessing = 0;
		};
/* End PBXSourcesBuildPhase section */

/* Begin XCBuildConfiguration section */
		7CFD3FE0D6C0CCE150143E76 /* Release */ = {
			isa = XCBuildConfiguration;
			buildSettings = {
				ALWAYS_SEARCH_USER_PATHS = NO;
				CLANG_ANALYZER_NONNULL = YES;
				CLANG_ANALYZER_NUMBER_OBJECT_CONVERSION = YES_AGGRESSIVE;
				CLANG_CXX_LANGUAGE_STANDARD = "gnu++14";
				CLANG_CXX_LIBRARY = "libc++";
				CLANG_ENABLE_MODULES = YES;
				CLANG_ENABLE_OBJC_ARC = YES;
				CLANG_ENABLE_OBJC_WEAK = YES;
				CLANG_WARN_BLOCK_CAPTURE_AUTORELEASING = YES;
				CLANG_WARN_BOOL_CONVERSION = YES;
				CLANG_WARN_COMMA = YES;
				CLANG_WARN_CONSTANT_CONVERSION = YES;
				CLANG_WARN_DEPRECATED_OBJC_IMPLEMENTATIONS = YES;
				CLANG_WARN_DIRECT_OBJC_ISA_USAGE = YES_ERROR;
				CLANG_WARN_DOCUMENTATION_COMMENTS = YES;
				CLANG_WARN_EMPTY_BODY = YES;
				CLANG_WARN_ENUM_CONVERSION = YES;
				CLANG_WARN_INFINITE_RECURSION = YES;
				CLANG_WARN_INT_CONVERSION = YES;
				CLANG_WARN_NON_LITERAL_NULL_CONVERSION = YES;
				CLANG_WARN_OBJC_IMPLICIT_RETAIN_SELF = YES;
				CLANG_WARN_OBJC_LITERAL_CONVERSION = YES;
				CLANG_WARN_OBJC_ROOT_CLASS = YES_ERROR;
				CLANG_WARN_QUOTED_INCLUDE_IN_FRAMEWORK_HEADER = YES;
				CLANG_WARN_RANGE_LOOP_ANALYSIS = YES;
				CLANG_WARN_STRICT_PROTOTYPES = YES;
				CLANG_WARN_SUSPICIOUS_MOVE = YES;
				CLANG_WARN_UNGUARDED_AVAILABILITY = YES_AGGRESSIVE;
				CLANG_WARN_UNREACHABLE_CODE = YES;
				CLANG_WARN__DUPLICATE_METHOD_MATCH = YES;
				COPY_PHASE_STRIP = NO;
				DEBUG_INFORMATION_FORMAT = "dwarf-with-dsym";
				ENABLE_NS_ASSERTIONS = NO;
				ENABLE_STRICT_OBJC_MSGSEND = YES;
				GCC_C_LANGUAGE_STANDARD = gnu11;
				GCC_NO_COMMON_BLOCKS = YES;
				GCC_WARN_64_TO_32_BIT_CONVERSION = YES;
				GCC_WARN_ABOUT_RETURN_TYPE = YES_ERROR;
				GCC_WARN_UNDECLARED_SELECTOR = YES;
				GCC_WARN_UNINITIALIZED_AUTOS = YES_AGGRESSIVE;
				GCC_WARN_UNUSED_FUNCTION = YES;
				GCC_WARN_UNUSED_VARIABLE = YES;
				MTL_ENABLE_DEBUG_INFO = NO;
				MTL_FAST_MATH = YES;
				PRODUCT_NAME = "$(TARGET_NAME)";
				SDKROOT = iphoneos;
				SWIFT_COMPILATION_MODE = wholemodule;
				SWIFT_OPTIMIZATION_LEVEL = "-O";
				SWIFT_VERSION = 5.0;
			};
			name = Release;
		};
		E05D2609BB65E529E0BB9272 /* Release */ = {
			isa = XCBuildConfiguration;
			buildSettings = {
				ASSETCATALOG_COMPILER_APPICON_NAME = AppIcon;
				CODE_SIGN_IDENTITY = "iPhone Developer";
				CODE_SIGN_STYLE = Automatic;
				CURRENT_PROJECT_VERSION = 1;
				DEVELOPMENT_TEAM = MFN25KNUGJ;
				GENERATE_INFOPLIST_FILE = YES;
				INFOPLIST_KEY_NSCameraUsageDescription = "ActionCamera names what you're doing from the live camera, fully on-device.";
				INFOPLIST_KEY_UILaunchScreen_Generation = YES;
				IPHONEOS_DEPLOYMENT_TARGET = 27.0;
				LD_RUNPATH_SEARCH_PATHS = (
					"$(inherited)",
					"@executable_path/Frameworks",
				);
				MARKETING_VERSION = 1.0;
				PRODUCT_BUNDLE_IDENTIFIER = com.coreaikit.actioncamera;
				SDKROOT = iphoneos;
				SWIFT_APPROACHABLE_CONCURRENCY = YES;
				SWIFT_VERSION = 6.0;
				TARGETED_DEVICE_FAMILY = "1,2";
			};
			name = Release;
		};
		F177003F10741EE996ACE2E6 /* Debug */ = {
			isa = XCBuildConfiguration;
			buildSettings = {
				ASSETCATALOG_COMPILER_APPICON_NAME = AppIcon;
				CODE_SIGN_IDENTITY = "iPhone Developer";
				CODE_SIGN_STYLE = Automatic;
				CURRENT_PROJECT_VERSION = 1;
				DEVELOPMENT_TEAM = MFN25KNUGJ;
				GENERATE_INFOPLIST_FILE = YES;
				INFOPLIST_KEY_NSCameraUsageDescription = "ActionCamera names what you're doing from the live camera, fully on-device.";
				INFOPLIST_KEY_UILaunchScreen_Generation = YES;
				IPHONEOS_DEPLOYMENT_TARGET = 27.0;
				LD_RUNPATH_SEARCH_PATHS = (
					"$(inherited)",
					"@executable_path/Frameworks",
				);
				MARKETING_VERSION = 1.0;
				PRODUCT_BUNDLE_IDENTIFIER = com.coreaikit.actioncamera;
				SDKROOT = iphoneos;
				SWIFT_APPROACHABLE_CONCURRENCY = YES;
				SWIFT_VERSION = 6.0;
				TARGETED_DEVICE_FAMILY = "1,2";
			};
			name = Debug;
		};
		F435065F1D18ECB40512CBBA /* Debug */ = {
			isa = XCBuildConfiguration;
			buildSettings = {
				ALWAYS_SEARCH_USER_PATHS = NO;
				CLANG_ANALYZER_NONNULL = YES;
				CLANG_ANALYZER_NUMBER_OBJECT_CONVERSION = YES_AGGRESSIVE;
				CLANG_CXX_LANGUAGE_STANDARD = "gnu++14";
				CLANG_CXX_LIBRARY = "libc++";
				CLANG_ENABLE_MODULES = YES;
				CLANG_ENABLE_OBJC_ARC = YES;
				CLANG_ENABLE_OBJC_WEAK = YES;
				CLANG_WARN_BLOCK_CAPTURE_AUTORELEASING = YES;
				CLANG_WARN_BOOL_CONVERSION = YES;
				CLANG_WARN_COMMA = YES;
				CLANG_WARN_CONSTANT_CONVERSION = YES;
				CLANG_WARN_DEPRECATED_OBJC_IMPLEMENTATIONS = YES;
				CLANG_WARN_DIRECT_OBJC_ISA_USAGE = YES_ERROR;
				CLANG_WARN_DOCUMENTATION_COMMENTS = YES;
				CLANG_WARN_EMPTY_BODY = YES;
				CLANG_WARN_ENUM_CONVERSION = YES;
				CLANG_WARN_INFINITE_RECURSION = YES;
				CLANG_WARN_INT_CONVERSION = YES;
				CLANG_WARN_NON_LITERAL_NULL_CONVERSION = YES;
				CLANG_WARN_OBJC_IMPLICIT_RETAIN_SELF = YES;
				CLANG_WARN_OBJC_LITERAL_CONVERSION = YES;
				CLANG_WARN_OBJC_ROOT_CLASS = YES_ERROR;
				CLANG_WARN_QUOTED_INCLUDE_IN_FRAMEWORK_HEADER = YES;
				CLANG_WARN_RANGE_LOOP_ANALYSIS = YES;
				CLANG_WARN_STRICT_PROTOTYPES = YES;
				CLANG_WARN_SUSPICIOUS_MOVE = YES;
				CLANG_WARN_UNGUARDED_AVAILABILITY = YES_AGGRESSIVE;
				CLANG_WARN_UNREACHABLE_CODE = YES;
				CLANG_WARN__DUPLICATE_METHOD_MATCH = YES;
				COPY_PHASE_STRIP = NO;
				DEBUG_INFORMATION_FORMAT = dwarf;
				ENABLE_STRICT_OBJC_MSGSEND = YES;
				ENABLE_TESTABILITY = YES;
				GCC_C_LANGUAGE_STANDARD = gnu11;
				GCC_DYNAMIC_NO_PIC = NO;
				GCC_NO_COMMON_BLOCKS = YES;
				GCC_OPTIMIZATION_LEVEL = 0;
				GCC_PREPROCESSOR_DEFINITIONS = (
					"$(inherited)",
					"DEBUG=1",
				);
				GCC_WARN_64_TO_32_BIT_CONVERSION = YES;
				GCC_WARN_ABOUT_RETURN_TYPE = YES_ERROR;
				GCC_WARN_UNDECLARED_SELECTOR = YES;
				GCC_WARN_UNINITIALIZED_AUTOS = YES_AGGRESSIVE;
				GCC_WARN_UNUSED_FUNCTION = YES;
				GCC_WARN_UNUSED_VARIABLE = YES;
				MTL_ENABLE_DEBUG_INFO = INCLUDE_SOURCE;
				MTL_FAST_MATH = YES;
				ONLY_ACTIVE_ARCH = YES;
				PRODUCT_NAME = "$(TARGET_NAME)";
				SDKROOT = iphoneos;
				SWIFT_ACTIVE_COMPILATION_CONDITIONS = DEBUG;
				SWIFT_OPTIMIZATION_LEVEL = "-Onone";
				SWIFT_VERSION = 5.0;
			};
			name = Debug;
		};
/* End XCBuildConfiguration section */

/* Begin XCConfigurationList section */
		4E660639BEAA9FEB5D178A24 /* Build configuration list for PBXNativeTarget "ActionCamera" */ = {
			isa = XCConfigurationList;
			buildConfigurations = (
				F177003F10741EE996ACE2E6 /* Debug */,
				E05D2609BB65E529E0BB9272 /* Release */,
			);
			defaultConfigurationIsVisible = 0;
			defaultConfigurationName = Debug;
		};
		D220CCD11925A46FAC2C934C /* Build configuration list for PBXProject "ActionCamera" */ = {
			isa = XCConfigurationList;
			buildConfigurations = (
				F435065F1D18ECB40512CBBA /* Debug */,
				7CFD3FE0D6C0CCE150143E76 /* Release */,
			);
			defaultConfigurationIsVisible = 0;
			defaultConfigurationName = Debug;
		};
/* End XCConfigurationList section */

/* Begin XCLocalSwiftPackageReference section */
		A8BC29DE64BB802C56AE8DDB /* XCLocalSwiftPackageReference "../.." */ = {
			isa = XCLocalSwiftPackageReference;
			relativePath = ../..;
		};
/* End XCLocalSwiftPackageReference section */

/* Begin XCSwiftPackageProductDependency section */
		37EE603715044C0CC78190A7 /* CoreAIKitVision */ = {
			isa = XCSwiftPackageProductDependency;
			productName = CoreAIKitVision;
		};
/* End XCSwiftPackageProductDependency section */
	};
	rootObject = 29C55DC86AEA30286B13F55E /* Project object */;
}
