// !$*UTF8*$!
{
	archiveVersion = 1;
	classes = {
	};
	objectVersion = 77;
	objects = {

/* Begin PBXBuildFile section */
		4C3D4F5D7704E638FA93A319 /* QuickStart.swift in Sources */ = {isa = PBXBuildFile; fileRef = 41192FCA016AFFD6D8A3F314 /* QuickStart.swift */; };
		7166EA442E8204C7423F0A24 /* TidyView.swift in Sources */ = {isa = PBXBuildFile; fileRef = 0D6710F040875A4D5C063A38 /* TidyView.swift */; };
		94CAA6DEC8FAA77434EFC82E /* CoreAIKit in Frameworks */ = {isa = PBXBuildFile; productRef = 8E271A309419A060613783CA /* CoreAIKit */; };
		A836D9FDF90FBC3CAC475532 /* TidyApp.swift in Sources */ = {isa = PBXBuildFile; fileRef = A0431AFD417A09F79E984395 /* TidyApp.swift */; };
		C5BC7CEC36665D0E5CEAAF56 /* TidyModel.swift in Sources */ = {isa = PBXBuildFile; fileRef = F7CA0F7E52F9032E97D8DD62 /* TidyModel.swift */; };
/* End PBXBuildFile section */

/* Begin PBXFileReference section */
		0D6710F040875A4D5C063A38 /* TidyView.swift */ = {isa = PBXFileReference; lastKnownFileType = sourcecode.swift; path = TidyView.swift; sourceTree = "<group>"; };
		20DFDB12FBD719FA561847B5 /* Tidy.app */ = {isa = PBXFileReference; includeInIndex = 0; lastKnownFileType = wrapper.application; path = Tidy.app; sourceTree = BUILT_PRODUCTS_DIR; };
		2D5E15957EC308B269EF57A0 /* coreai-kit */ = {isa = PBXFileReference; lastKnownFileType = folder; name = "coreai-kit"; path = ../..; sourceTree = SOURCE_ROOT; };
		41192FCA016AFFD6D8A3F314 /* QuickStart.swift */ = {isa = PBXFileReference; lastKnownFileType = sourcecode.swift; path = QuickStart.swift; sourceTree = "<group>"; };
		A0431AFD417A09F79E984395 /* TidyApp.swift */ = {isa = PBXFileReference; lastKnownFileType = sourcecode.swift; path = TidyApp.swift; sourceTree = "<group>"; };
		F7CA0F7E52F9032E97D8DD62 /* TidyModel.swift */ = {isa = PBXFileReference; lastKnownFileType = sourcecode.swift; path = TidyModel.swift; sourceTree = "<group>"; };
/* End PBXFileReference section */

/* Begin PBXFrameworksBuildPhase section */
		6CC57BAC1B255284547817CE /* Frameworks */ = {
			isa = PBXFrameworksBuildPhase;
			buildActionMask = 2147483647;
			files = (
				94CAA6DEC8FAA77434EFC82E /* CoreAIKit in Frameworks */,
			);
			runOnlyForDeploymentPostprocessing = 0;
		};
/* End PBXFrameworksBuildPhase section */

/* Begin PBXGroup section */
		08C44E3419440CBFB6B8D3B0 /* Products */ = {
			isa = PBXGroup;
			children = (
				20DFDB12FBD719FA561847B5 /* Tidy.app */,
			);
			name = Products;
			sourceTree = "<group>";
		};
		2093AF12F32997DDB280C8CC = {
			isa = PBXGroup;
			children = (
				70CFBC1F9C8AD79C1E4C8320 /* Packages */,
				47DEACE5DF760C1A39C68408 /* Sources */,
				08C44E3419440CBFB6B8D3B0 /* Products */,
			);
			sourceTree = "<group>";
		};
		47DEACE5DF760C1A39C68408 /* Sources */ = {
			isa = PBXGroup;
			children = (
				41192FCA016AFFD6D8A3F314 /* QuickStart.swift */,
				A0431AFD417A09F79E984395 /* TidyApp.swift */,
				F7CA0F7E52F9032E97D8DD62 /* TidyModel.swift */,
				0D6710F040875A4D5C063A38 /* TidyView.swift */,
			);
			path = Sources;
			sourceTree = "<group>";
		};
		70CFBC1F9C8AD79C1E4C8320 /* Packages */ = {
			isa = PBXGroup;
			children = (
				2D5E15957EC308B269EF57A0 /* coreai-kit */,
			);
			name = Packages;
			sourceTree = "<group>";
		};
/* End PBXGroup section */

/* Begin PBXNativeTarget section */
		4301AA035FE9C031CFB09DEB /* Tidy */ = {
			isa = PBXNativeTarget;
			buildConfigurationList = E2DB3179ED8FEB0FC92809E6 /* Build configuration list for PBXNativeTarget "Tidy" */;
			buildPhases = (
				97738F4C6C5F983A079A2BEE /* Sources */,
				6CC57BAC1B255284547817CE /* Frameworks */,
			);
			buildRules = (
			);
			dependencies = (
			);
			name = Tidy;
			packageProductDependencies = (
				8E271A309419A060613783CA /* CoreAIKit */,
			);
			productName = Tidy;
			productReference = 20DFDB12FBD719FA561847B5 /* Tidy.app */;
			productType = "com.apple.product-type.application";
		};
/* End PBXNativeTarget section */

/* Begin PBXProject section */
		22152176FE3D7724E3B05885 /* Project object */ = {
			isa = PBXProject;
			attributes = {
				BuildIndependentTargetsInParallel = YES;
				LastUpgradeCheck = 1430;
				TargetAttributes = {
					4301AA035FE9C031CFB09DEB = {
						DevelopmentTeam = MFN25KNUGJ;
						ProvisioningStyle = Automatic;
					};
				};
			};
			buildConfigurationList = 982783BC77E005C612882A3D /* Build configuration list for PBXProject "Tidy" */;
			compatibilityVersion = "Xcode 14.0";
			developmentRegion = en;
			hasScannedForEncodings = 0;
			knownRegions = (
				Base,
				en,
			);
			mainGroup = 2093AF12F32997DDB280C8CC;
			minimizedProjectReferenceProxies = 1;
			packageReferences = (
				0F78990F49B6599B47DAFB96 /* XCLocalSwiftPackageReference "../.." */,
			);
			preferredProjectObjectVersion = 77;
			projectDirPath = "";
			projectRoot = "";
			targets = (
				4301AA035FE9C031CFB09DEB /* Tidy */,
			);
		};
/* End PBXProject section */

/* Begin PBXSourcesBuildPhase section */
		97738F4C6C5F983A079A2BEE /* Sources */ = {
			isa = PBXSourcesBuildPhase;
			buildActionMask = 2147483647;
			files = (
				4C3D4F5D7704E638FA93A319 /* QuickStart.swift in Sources */,
				A836D9FDF90FBC3CAC475532 /* TidyApp.swift in Sources */,
				C5BC7CEC36665D0E5CEAAF56 /* TidyModel.swift in Sources */,
				7166EA442E8204C7423F0A24 /* TidyView.swift in Sources */,
			);
			runOnlyForDeploymentPostprocessing = 0;
		};
/* End PBXSourcesBuildPhase section */

/* Begin XCBuildConfiguration section */
		6A63DEC5A0CCE07AA7DC70F4 /* Debug */ = {
			isa = XCBuildConfiguration;
			buildSettings = {
				ALWAYS_SEARCH_USER_PATHS = NO;
				CLANG_ANALYZER_NONNULL = YES;
				CLANG_ANALYZER_NUMBER_OBJECT_CONVERSION = YES_AGGRESSIVE;
				CLANG_CXX_LANGUAGE_STANDARD = "gnu++14";
				CLANG_CXX_LIBRARY = "libc++";
				CLANG_ENABLE_MODULES = YES;
				CLANG_ENABLE_OBJC_ARC = YES;
				CLANG_ENABLE_OBJC_WEAK = YES;
				CLANG_WARN_BLOCK_CAPTURE_AUTORELEASING = YES;
				CLANG_WARN_BOOL_CONVERSION = YES;
				CLANG_WARN_COMMA = YES;
				CLANG_WARN_CONSTANT_CONVERSION = YES;
				CLANG_WARN_DEPRECATED_OBJC_IMPLEMENTATIONS = YES;
				CLANG_WARN_DIRECT_OBJC_ISA_USAGE = YES_ERROR;
				CLANG_WARN_DOCUMENTATION_COMMENTS = YES;
				CLANG_WARN_EMPTY_BODY = YES;
				CLANG_WARN_ENUM_CONVERSION = YES;
				CLANG_WARN_INFINITE_RECURSION = YES;
				CLANG_WARN_INT_CONVERSION = YES;
				CLANG_WARN_NON_LITERAL_NULL_CONVERSION = YES;
				CLANG_WARN_OBJC_IMPLICIT_RETAIN_SELF = YES;
				CLANG_WARN_OBJC_LITERAL_CONVERSION = YES;
				CLANG_WARN_OBJC_ROOT_CLASS = YES_ERROR;
				CLANG_WARN_QUOTED_INCLUDE_IN_FRAMEWORK_HEADER = YES;
				CLANG_WARN_RANGE_LOOP_ANALYSIS = YES;
				CLANG_WARN_STRICT_PROTOTYPES = YES;
				CLANG_WARN_SUSPICIOUS_MOVE = YES;
				CLANG_WARN_UNGUARDED_AVAILABILITY = YES_AGGRESSIVE;
				CLANG_WARN_UNREACHABLE_CODE = YES;
				CLANG_WARN__DUPLICATE_METHOD_MATCH = YES;
				COPY_PHASE_STRIP = NO;
				DEBUG_INFORMATION_FORMAT = dwarf;
				ENABLE_STRICT_OBJC_MSGSEND = YES;
				ENABLE_TESTABILITY = YES;
				GCC_C_LANGUAGE_STANDARD = gnu11;
				GCC_DYNAMIC_NO_PIC = NO;
				GCC_NO_COMMON_BLOCKS = YES;
				GCC_OPTIMIZATION_LEVEL = 0;
				GCC_PREPROCESSOR_DEFINITIONS = (
					"$(inherited)",
					"DEBUG=1",
				);
				GCC_WARN_64_TO_32_BIT_CONVERSION = YES;
				GCC_WARN_ABOUT_RETURN_TYPE = YES_ERROR;
				GCC_WARN_UNDECLARED_SELECTOR = YES;
				GCC_WARN_UNINITIALIZED_AUTOS = YES_AGGRESSIVE;
				GCC_WARN_UNUSED_FUNCTION = YES;
				GCC_WARN_UNUSED_VARIABLE = YES;
				MTL_ENABLE_DEBUG_INFO = INCLUDE_SOURCE;
				MTL_FAST_MATH = YES;
				ONLY_ACTIVE_ARCH = YES;
				PRODUCT_NAME = "$(TARGET_NAME)";
				SDKROOT = auto;
				SWIFT_ACTIVE_COMPILATION_CONDITIONS = DEBUG;
				SWIFT_OPTIMIZATION_LEVEL = "-Onone";
				SWIFT_VERSION = 5.0;
			};
			name = Debug;
		};
		CCB9288D9FA10A3C7BE4FE36 /* Release */ = {
			isa = XCBuildConfiguration;
			buildSettings = {
				ALWAYS_SEARCH_USER_PATHS = NO;
				CLANG_ANALYZER_NONNULL = YES;
				CLANG_ANALYZER_NUMBER_OBJECT_CONVERSION = YES_AGGRESSIVE;
				CLANG_CXX_LANGUAGE_STANDARD = "gnu++14";
				CLANG_CXX_LIBRARY = "libc++";
				CLANG_ENABLE_MODULES = YES;
				CLANG_ENABLE_OBJC_ARC = YES;
				CLANG_ENABLE_OBJC_WEAK = YES;
				CLANG_WARN_BLOCK_CAPTURE_AUTORELEASING = YES;
				CLANG_WARN_BOOL_CONVERSION = YES;
				CLANG_WARN_COMMA = YES;
				CLANG_WARN_CONSTANT_CONVERSION = YES;
				CLANG_WARN_DEPRECATED_OBJC_IMPLEMENTATIONS = YES;
				CLANG_WARN_DIRECT_OBJC_ISA_USAGE = YES_ERROR;
				CLANG_WARN_DOCUMENTATION_COMMENTS = YES;
				CLANG_WARN_EMPTY_BODY = YES;
				CLANG_WARN_ENUM_CONVERSION = YES;
				CLANG_WARN_INFINITE_RECURSION = YES;
				CLANG_WARN_INT_CONVERSION = YES;
				CLANG_WARN_NON_LITERAL_NULL_CONVERSION = YES;
				CLANG_WARN_OBJC_IMPLICIT_RETAIN_SELF = YES;
				CLANG_WARN_OBJC_LITERAL_CONVERSION = YES;
				CLANG_WARN_OBJC_ROOT_CLASS = YES_ERROR;
				CLANG_WARN_QUOTED_INCLUDE_IN_FRAMEWORK_HEADER = YES;
				CLANG_WARN_RANGE_LOOP_ANALYSIS = YES;
				CLANG_WARN_STRICT_PROTOTYPES = YES;
				CLANG_WARN_SUSPICIOUS_MOVE = YES;
				CLANG_WARN_UNGUARDED_AVAILABILITY = YES_AGGRESSIVE;
				CLANG_WARN_UNREACHABLE_CODE = YES;
				CLANG_WARN__DUPLICATE_METHOD_MATCH = YES;
				COPY_PHASE_STRIP = NO;
				DEBUG_INFORMATION_FORMAT = "dwarf-with-dsym";
				ENABLE_NS_ASSERTIONS = NO;
				ENABLE_STRICT_OBJC_MSGSEND = YES;
				GCC_C_LANGUAGE_STANDARD = gnu11;
				GCC_NO_COMMON_BLOCKS = YES;
				GCC_WARN_64_TO_32_BIT_CONVERSION = YES;
				GCC_WARN_ABOUT_RETURN_TYPE = YES_ERROR;
				GCC_WARN_UNDECLARED_SELECTOR = YES;
				GCC_WARN_UNINITIALIZED_AUTOS = YES_AGGRESSIVE;
				GCC_WARN_UNUSED_FUNCTION = YES;
				GCC_WARN_UNUSED_VARIABLE = YES;
				MTL_ENABLE_DEBUG_INFO = NO;
				MTL_FAST_MATH = YES;
				PRODUCT_NAME = "$(TARGET_NAME)";
				SDKROOT = auto;
				SWIFT_COMPILATION_MODE = wholemodule;
				SWIFT_OPTIMIZATION_LEVEL = "-O";
				SWIFT_VERSION = 5.0;
			};
			name = Release;
		};
		F16B0D26A8D668E603EE9D01 /* Release */ = {
			isa = XCBuildConfiguration;
			buildSettings = {
				ASSETCATALOG_COMPILER_APPICON_NAME = AppIcon;
				CODE_SIGN_IDENTITY = "iPhone Developer";
				CODE_SIGN_STYLE = Automatic;
				CURRENT_PROJECT_VERSION = 1;
				DEVELOPMENT_TEAM = MFN25KNUGJ;
				ENABLE_APP_SANDBOX = NO;
				ENABLE_HARDENED_RUNTIME = NO;
				GENERATE_INFOPLIST_FILE = YES;
				INFOPLIST_KEY_UILaunchScreen_Generation = YES;
				LD_RUNPATH_SEARCH_PATHS = (
					"$(inherited)",
					"@executable_path/Frameworks",
				);
				MARKETING_VERSION = 1.0;
				PRODUCT_BUNDLE_IDENTIFIER = com.coreaikit.tidy;
				SDKROOT = auto;
				SUPPORTED_PLATFORMS = "iphoneos iphonesimulator macosx";
				SUPPORTS_MACCATALYST = NO;
				SUPPORTS_MAC_DESIGNED_FOR_IPHONE_IPAD = NO;
				SUPPORTS_XR_DESIGNED_FOR_IPHONE_IPAD = YES;
				SWIFT_APPROACHABLE_CONCURRENCY = YES;
				SWIFT_VERSION = 6.0;
				TARGETED_DEVICE_FAMILY = "1,2";
			};
			name = Release;
		};
		F33E3591CE6AC17C5B9D5727 /* Debug */ = {
			isa = XCBuildConfiguration;
			buildSettings = {
				ASSETCATALOG_COMPILER_APPICON_NAME = AppIcon;
				CODE_SIGN_IDENTITY = "iPhone Developer";
				CODE_SIGN_STYLE = Automatic;
				CURRENT_PROJECT_VERSION = 1;
				DEVELOPMENT_TEAM = MFN25KNUGJ;
				ENABLE_APP_SANDBOX = NO;
				ENABLE_HARDENED_RUNTIME = NO;
				GENERATE_INFOPLIST_FILE = YES;
				INFOPLIST_KEY_UILaunchScreen_Generation = YES;
				LD_RUNPATH_SEARCH_PATHS = (
					"$(inherited)",
					"@executable_path/Frameworks",
				);
				MARKETING_VERSION = 1.0;
				PRODUCT_BUNDLE_IDENTIFIER = com.coreaikit.tidy;
				SDKROOT = auto;
				SUPPORTED_PLATFORMS = "iphoneos iphonesimulator macosx";
				SUPPORTS_MACCATALYST = NO;
				SUPPORTS_MAC_DESIGNED_FOR_IPHONE_IPAD = NO;
				SUPPORTS_XR_DESIGNED_FOR_IPHONE_IPAD = YES;
				SWIFT_APPROACHABLE_CONCURRENCY = YES;
				SWIFT_VERSION = 6.0;
				TARGETED_DEVICE_FAMILY = "1,2";
			};
			name = Debug;
		};
/* End XCBuildConfiguration section */

/* Begin XCConfigurationList section */
		982783BC77E005C612882A3D /* Build configuration list for PBXProject "Tidy" */ = {
			isa = XCConfigurationList;
			buildConfigurations = (
				6A63DEC5A0CCE07AA7DC70F4 /* Debug */,
				CCB9288D9FA10A3C7BE4FE36 /* Release */,
			);
			defaultConfigurationIsVisible = 0;
			defaultConfigurationName = Debug;
		};
		E2DB3179ED8FEB0FC92809E6 /* Build configuration list for PBXNativeTarget "Tidy" */ = {
			isa = XCConfigurationList;
			buildConfigurations = (
				F33E3591CE6AC17C5B9D5727 /* Debug */,
				F16B0D26A8D668E603EE9D01 /* Release */,
			);
			defaultConfigurationIsVisible = 0;
			defaultConfigurationName = Debug;
		};
/* End XCConfigurationList section */

/* Begin XCLocalSwiftPackageReference section */
		0F78990F49B6599B47DAFB96 /* XCLocalSwiftPackageReference "../.." */ = {
			isa = XCLocalSwiftPackageReference;
			relativePath = ../..;
		};
/* End XCLocalSwiftPackageReference section */

/* Begin XCSwiftPackageProductDependency section */
		8E271A309419A060613783CA /* CoreAIKit */ = {
			isa = XCSwiftPackageProductDependency;
			productName = CoreAIKit;
		};
/* End XCSwiftPackageProductDependency section */
	};
	rootObject = 22152176FE3D7724E3B05885 /* Project object */;
}
