// !$*UTF8*$!
{
	archiveVersion = 1;
	classes = {
	};
	objectVersion = 77;
	objects = {

/* Begin PBXBuildFile section */
		122A67D657C530573482E232 /* UpscaleEngine.swift in Sources */ = {isa = PBXBuildFile; fileRef = 780897AA475F20AEE1A1E2D3 /* UpscaleEngine.swift */; };
		46AAF5B3E25D89964F7E1418 /* UpscaleApp.swift in Sources */ = {isa = PBXBuildFile; fileRef = C90C3589DFFD3EB50CA75255 /* UpscaleApp.swift */; };
		4E1128B349EA5DFF77758576 /* UpscaleView.swift in Sources */ = {isa = PBXBuildFile; fileRef = 92AC3C4D3043DEA703B7EDCE /* UpscaleView.swift */; };
		A1CFA57201179D37049BF58D /* QuickStart.swift in Sources */ = {isa = PBXBuildFile; fileRef = FC092110854DA3CF4B6406ED /* QuickStart.swift */; };
		EC42EBE592365FF122486ADB /* CoreAIKitVision in Frameworks */ = {isa = PBXBuildFile; productRef = 9F704E2E9F240794BB4489C9 /* CoreAIKitVision */; };
/* End PBXBuildFile section */

/* Begin PBXFileReference section */
		4D83DFD9AB4BD3D81D0D153C /* coreai-kit */ = {isa = PBXFileReference; lastKnownFileType = folder; name = "coreai-kit"; path = ../..; sourceTree = SOURCE_ROOT; };
		780897AA475F20AEE1A1E2D3 /* UpscaleEngine.swift */ = {isa = PBXFileReference; lastKnownFileType = sourcecode.swift; path = UpscaleEngine.swift; sourceTree = "<group>"; };
		92AC3C4D3043DEA703B7EDCE /* UpscaleView.swift */ = {isa = PBXFileReference; lastKnownFileType = sourcecode.swift; path = UpscaleView.swift; sourceTree = "<group>"; };
		BC08423E890C30A484D091D5 /* UpscaleDemo.app */ = {isa = PBXFileReference; includeInIndex = 0; lastKnownFileType = wrapper.application; path = UpscaleDemo.app; sourceTree = BUILT_PRODUCTS_DIR; };
		C90C3589DFFD3EB50CA75255 /* UpscaleApp.swift */ = {isa = PBXFileReference; lastKnownFileType = sourcecode.swift; path = UpscaleApp.swift; sourceTree = "<group>"; };
		FC092110854DA3CF4B6406ED /* QuickStart.swift */ = {isa = PBXFileReference; lastKnownFileType = sourcecode.swift; path = QuickStart.swift; sourceTree = "<group>"; };
/* End PBXFileReference section */

/* Begin PBXFrameworksBuildPhase section */
		620B96F7A324778E6192417B /* Frameworks */ = {
			isa = PBXFrameworksBuildPhase;
			buildActionMask = 2147483647;
			files = (
				EC42EBE592365FF122486ADB /* CoreAIKitVision in Frameworks */,
			);
			runOnlyForDeploymentPostprocessing = 0;
		};
/* End PBXFrameworksBuildPhase section */

/* Begin PBXGroup section */
		020657E626902E701EF77F2D = {
			isa = PBXGroup;
			children = (
				D3517B0C3724C358E2729300 /* Packages */,
				74ADDA6C79A737EE1FCF961B /* Sources */,
				A21BE55E1D8FCE37BA4A93DA /* Products */,
			);
			sourceTree = "<group>";
		};
		74ADDA6C79A737EE1FCF961B /* Sources */ = {
			isa = PBXGroup;
			children = (
				FC092110854DA3CF4B6406ED /* QuickStart.swift */,
				C90C3589DFFD3EB50CA75255 /* UpscaleApp.swift */,
				780897AA475F20AEE1A1E2D3 /* UpscaleEngine.swift */,
				92AC3C4D3043DEA703B7EDCE /* UpscaleView.swift */,
			);
			path = Sources;
			sourceTree = "<group>";
		};
		A21BE55E1D8FCE37BA4A93DA /* Products */ = {
			isa = PBXGroup;
			children = (
				BC08423E890C30A484D091D5 /* UpscaleDemo.app */,
			);
			name = Products;
			sourceTree = "<group>";
		};
		D3517B0C3724C358E2729300 /* Packages */ = {
			isa = PBXGroup;
			children = (
				4D83DFD9AB4BD3D81D0D153C /* coreai-kit */,
			);
			name = Packages;
			sourceTree = "<group>";
		};
/* End PBXGroup section */

/* Begin PBXNativeTarget section */
		C8D186050B599023795A35FB /* UpscaleDemo */ = {
			isa = PBXNativeTarget;
			buildConfigurationList = 094A82DFEA8CF0F8B5AF0503 /* Build configuration list for PBXNativeTarget "UpscaleDemo" */;
			buildPhases = (
				EB5A7EFC03A5A738FE4AA3C1 /* Sources */,
				620B96F7A324778E6192417B /* Frameworks */,
			);
			buildRules = (
			);
			dependencies = (
			);
			name = UpscaleDemo;
			packageProductDependencies = (
				9F704E2E9F240794BB4489C9 /* CoreAIKitVision */,
			);
			productName = UpscaleDemo;
			productReference = BC08423E890C30A484D091D5 /* UpscaleDemo.app */;
			productType = "com.apple.product-type.application";
		};
/* End PBXNativeTarget section */

/* Begin PBXProject section */
		CF2A23BFD3F43B7F097D50AE /* Project object */ = {
			isa = PBXProject;
			attributes = {
				BuildIndependentTargetsInParallel = YES;
				LastUpgradeCheck = 1430;
				TargetAttributes = {
					C8D186050B599023795A35FB = {
						DevelopmentTeam = MFN25KNUGJ;
						ProvisioningStyle = Automatic;
					};
				};
			};
			buildConfigurationList = B8D17023C130EB5A203306B0 /* Build configuration list for PBXProject "UpscaleDemo" */;
			compatibilityVersion = "Xcode 14.0";
			developmentRegion = en;
			hasScannedForEncodings = 0;
			knownRegions = (
				Base,
				en,
			);
			mainGroup = 020657E626902E701EF77F2D;
			minimizedProjectReferenceProxies = 1;
			packageReferences = (
				403F3C79F2C4462AC5709EB5 /* XCLocalSwiftPackageReference "../.." */,
			);
			preferredProjectObjectVersion = 77;
			projectDirPath = "";
			projectRoot = "";
			targets = (
				C8D186050B599023795A35FB /* UpscaleDemo */,
			);
		};
/* End PBXProject section */

/* Begin PBXSourcesBuildPhase section */
		EB5A7EFC03A5A738FE4AA3C1 /* Sources */ = {
			isa = PBXSourcesBuildPhase;
			buildActionMask = 2147483647;
			files = (
				A1CFA57201179D37049BF58D /* QuickStart.swift in Sources */,
				46AAF5B3E25D89964F7E1418 /* UpscaleApp.swift in Sources */,
				122A67D657C530573482E232 /* UpscaleEngine.swift in Sources */,
				4E1128B349EA5DFF77758576 /* UpscaleView.swift in Sources */,
			);
			runOnlyForDeploymentPostprocessing = 0;
		};
/* End PBXSourcesBuildPhase section */

/* Begin XCBuildConfiguration section */
		0C1173A0F9FE11F779DE5D20 /* Debug */ = {
			isa = XCBuildConfiguration;
			buildSettings = {
				ALWAYS_SEARCH_USER_PATHS = NO;
				CLANG_ANALYZER_NONNULL = YES;
				CLANG_ANALYZER_NUMBER_OBJECT_CONVERSION = YES_AGGRESSIVE;
				CLANG_CXX_LANGUAGE_STANDARD = "gnu++14";
				CLANG_CXX_LIBRARY = "libc++";
				CLANG_ENABLE_MODULES = YES;
				CLANG_ENABLE_OBJC_ARC = YES;
				CLANG_ENABLE_OBJC_WEAK = YES;
				CLANG_WARN_BLOCK_CAPTURE_AUTORELEASING = YES;
				CLANG_WARN_BOOL_CONVERSION = YES;
				CLANG_WARN_COMMA = YES;
				CLANG_WARN_CONSTANT_CONVERSION = YES;
				CLANG_WARN_DEPRECATED_OBJC_IMPLEMENTATIONS = YES;
				CLANG_WARN_DIRECT_OBJC_ISA_USAGE = YES_ERROR;
				CLANG_WARN_DOCUMENTATION_COMMENTS = YES;
				CLANG_WARN_EMPTY_BODY = YES;
				CLANG_WARN_ENUM_CONVERSION = YES;
				CLANG_WARN_INFINITE_RECURSION = YES;
				CLANG_WARN_INT_CONVERSION = YES;
				CLANG_WARN_NON_LITERAL_NULL_CONVERSION = YES;
				CLANG_WARN_OBJC_IMPLICIT_RETAIN_SELF = YES;
				CLANG_WARN_OBJC_LITERAL_CONVERSION = YES;
				CLANG_WARN_OBJC_ROOT_CLASS = YES_ERROR;
				CLANG_WARN_QUOTED_INCLUDE_IN_FRAMEWORK_HEADER = YES;
				CLANG_WARN_RANGE_LOOP_ANALYSIS = YES;
				CLANG_WARN_STRICT_PROTOTYPES = YES;
				CLANG_WARN_SUSPICIOUS_MOVE = YES;
				CLANG_WARN_UNGUARDED_AVAILABILITY = YES_AGGRESSIVE;
				CLANG_WARN_UNREACHABLE_CODE = YES;
				CLANG_WARN__DUPLICATE_METHOD_MATCH = YES;
				COPY_PHASE_STRIP = NO;
				DEBUG_INFORMATION_FORMAT = dwarf;
				ENABLE_STRICT_OBJC_MSGSEND = YES;
				ENABLE_TESTABILITY = YES;
				GCC_C_LANGUAGE_STANDARD = gnu11;
				GCC_DYNAMIC_NO_PIC = NO;
				GCC_NO_COMMON_BLOCKS = YES;
				GCC_OPTIMIZATION_LEVEL = 0;
				GCC_PREPROCESSOR_DEFINITIONS = (
					"$(inherited)",
					"DEBUG=1",
				);
				GCC_WARN_64_TO_32_BIT_CONVERSION = YES;
				GCC_WARN_ABOUT_RETURN_TYPE = YES_ERROR;
				GCC_WARN_UNDECLARED_SELECTOR = YES;
				GCC_WARN_UNINITIALIZED_AUTOS = YES_AGGRESSIVE;
				GCC_WARN_UNUSED_FUNCTION = YES;
				GCC_WARN_UNUSED_VARIABLE = YES;
				MTL_ENABLE_DEBUG_INFO = INCLUDE_SOURCE;
				MTL_FAST_MATH = YES;
				ONLY_ACTIVE_ARCH = YES;
				PRODUCT_NAME = "$(TARGET_NAME)";
				SDKROOT = iphoneos;
				SWIFT_ACTIVE_COMPILATION_CONDITIONS = DEBUG;
				SWIFT_OPTIMIZATION_LEVEL = "-Onone";
				SWIFT_VERSION = 5.0;
			};
			name = Debug;
		};
		4AC0FCE3BBE6F4499A844082 /* Release */ = {
			isa = XCBuildConfiguration;
			buildSettings = {
				ALWAYS_SEARCH_USER_PATHS = NO;
				CLANG_ANALYZER_NONNULL = YES;
				CLANG_ANALYZER_NUMBER_OBJECT_CONVERSION = YES_AGGRESSIVE;
				CLANG_CXX_LANGUAGE_STANDARD = "gnu++14";
				CLANG_CXX_LIBRARY = "libc++";
				CLANG_ENABLE_MODULES = YES;
				CLANG_ENABLE_OBJC_ARC = YES;
				CLANG_ENABLE_OBJC_WEAK = YES;
				CLANG_WARN_BLOCK_CAPTURE_AUTORELEASING = YES;
				CLANG_WARN_BOOL_CONVERSION = YES;
				CLANG_WARN_COMMA = YES;
				CLANG_WARN_CONSTANT_CONVERSION = YES;
				CLANG_WARN_DEPRECATED_OBJC_IMPLEMENTATIONS = YES;
				CLANG_WARN_DIRECT_OBJC_ISA_USAGE = YES_ERROR;
				CLANG_WARN_DOCUMENTATION_COMMENTS = YES;
				CLANG_WARN_EMPTY_BODY = YES;
				CLANG_WARN_ENUM_CONVERSION = YES;
				CLANG_WARN_INFINITE_RECURSION = YES;
				CLANG_WARN_INT_CONVERSION = YES;
				CLANG_WARN_NON_LITERAL_NULL_CONVERSION = YES;
				CLANG_WARN_OBJC_IMPLICIT_RETAIN_SELF = YES;
				CLANG_WARN_OBJC_LITERAL_CONVERSION = YES;
				CLANG_WARN_OBJC_ROOT_CLASS = YES_ERROR;
				CLANG_WARN_QUOTED_INCLUDE_IN_FRAMEWORK_HEADER = YES;
				CLANG_WARN_RANGE_LOOP_ANALYSIS = YES;
				CLANG_WARN_STRICT_PROTOTYPES = YES;
				CLANG_WARN_SUSPICIOUS_MOVE = YES;
				CLANG_WARN_UNGUARDED_AVAILABILITY = YES_AGGRESSIVE;
				CLANG_WARN_UNREACHABLE_CODE = YES;
				CLANG_WARN__DUPLICATE_METHOD_MATCH = YES;
				COPY_PHASE_STRIP = NO;
				DEBUG_INFORMATION_FORMAT = "dwarf-with-dsym";
				ENABLE_NS_ASSERTIONS = NO;
				ENABLE_STRICT_OBJC_MSGSEND = YES;
				GCC_C_LANGUAGE_STANDARD = gnu11;
				GCC_NO_COMMON_BLOCKS = YES;
				GCC_WARN_64_TO_32_BIT_CONVERSION = YES;
				GCC_WARN_ABOUT_RETURN_TYPE = YES_ERROR;
				GCC_WARN_UNDECLARED_SELECTOR = YES;
				GCC_WARN_UNINITIALIZED_AUTOS = YES_AGGRESSIVE;
				GCC_WARN_UNUSED_FUNCTION = YES;
				GCC_WARN_UNUSED_VARIABLE = YES;
				MTL_ENABLE_DEBUG_INFO = NO;
				MTL_FAST_MATH = YES;
				PRODUCT_NAME = "$(TARGET_NAME)";
				SDKROOT = iphoneos;
				SWIFT_COMPILATION_MODE = wholemodule;
				SWIFT_OPTIMIZATION_LEVEL = "-O";
				SWIFT_VERSION = 5.0;
			};
			name = Release;
		};
		8373E018914F492B3AD0F3F8 /* Debug */ = {
			isa = XCBuildConfiguration;
			buildSettings = {
				ASSETCATALOG_COMPILER_APPICON_NAME = AppIcon;
				CODE_SIGN_IDENTITY = "iPhone Developer";
				CODE_SIGN_STYLE = Automatic;
				CURRENT_PROJECT_VERSION = 1;
				DEVELOPMENT_TEAM = MFN25KNUGJ;
				GENERATE_INFOPLIST_FILE = YES;
				INFOPLIST_KEY_UILaunchScreen_Generation = YES;
				IPHONEOS_DEPLOYMENT_TARGET = 27.0;
				LD_RUNPATH_SEARCH_PATHS = (
					"$(inherited)",
					"@executable_path/Frameworks",
				);
				MARKETING_VERSION = 1.0;
				PRODUCT_BUNDLE_IDENTIFIER = com.coreaikit.upscaledemo;
				SDKROOT = iphoneos;
				SWIFT_APPROACHABLE_CONCURRENCY = YES;
				SWIFT_VERSION = 6.0;
				TARGETED_DEVICE_FAMILY = "1,2";
			};
			name = Debug;
		};
		E3812351538D9AC7003916D7 /* Release */ = {
			isa = XCBuildConfiguration;
			buildSettings = {
				ASSETCATALOG_COMPILER_APPICON_NAME = AppIcon;
				CODE_SIGN_IDENTITY = "iPhone Developer";
				CODE_SIGN_STYLE = Automatic;
				CURRENT_PROJECT_VERSION = 1;
				DEVELOPMENT_TEAM = MFN25KNUGJ;
				GENERATE_INFOPLIST_FILE = YES;
				INFOPLIST_KEY_UILaunchScreen_Generation = YES;
				IPHONEOS_DEPLOYMENT_TARGET = 27.0;
				LD_RUNPATH_SEARCH_PATHS = (
					"$(inherited)",
					"@executable_path/Frameworks",
				);
				MARKETING_VERSION = 1.0;
				PRODUCT_BUNDLE_IDENTIFIER = com.coreaikit.upscaledemo;
				SDKROOT = iphoneos;
				SWIFT_APPROACHABLE_CONCURRENCY = YES;
				SWIFT_VERSION = 6.0;
				TARGETED_DEVICE_FAMILY = "1,2";
			};
			name = Release;
		};
/* End XCBuildConfiguration section */

/* Begin XCConfigurationList section */
		094A82DFEA8CF0F8B5AF0503 /* Build configuration list for PBXNativeTarget "UpscaleDemo" */ = {
			isa = XCConfigurationList;
			buildConfigurations = (
				8373E018914F492B3AD0F3F8 /* Debug */,
				E3812351538D9AC7003916D7 /* Release */,
			);
			defaultConfigurationIsVisible = 0;
			defaultConfigurationName = Debug;
		};
		B8D17023C130EB5A203306B0 /* Build configuration list for PBXProject "UpscaleDemo" */ = {
			isa = XCConfigurationList;
			buildConfigurations = (
				0C1173A0F9FE11F779DE5D20 /* Debug */,
				4AC0FCE3BBE6F4499A844082 /* Release */,
			);
			defaultConfigurationIsVisible = 0;
			defaultConfigurationName = Debug;
		};
/* End XCConfigurationList section */

/* Begin XCLocalSwiftPackageReference section */
		403F3C79F2C4462AC5709EB5 /* XCLocalSwiftPackageReference "../.." */ = {
			isa = XCLocalSwiftPackageReference;
			relativePath = ../..;
		};
/* End XCLocalSwiftPackageReference section */

/* Begin XCSwiftPackageProductDependency section */
		9F704E2E9F240794BB4489C9 /* CoreAIKitVision */ = {
			isa = XCSwiftPackageProductDependency;
			productName = CoreAIKitVision;
		};
/* End XCSwiftPackageProductDependency section */
	};
	rootObject = CF2A23BFD3F43B7F097D50AE /* Project object */;
}
